
Microsoft Visual Studio Solution File, Format Version 12.00
# Visual Studio Version 17
VisualStudioVersion = 17.2.32630.192
MinimumVisualStudioVersion = 10.0.40219.1
Project("{9A19103F-16F7-4668-BE54-9A1E7A4F7556}") = "CRUD.API", "CRUD.API\CRUD.API.csproj", "{21B00736-059B-4E86-9118-BDF79514A51B}"
EndProject
Project("{9A19103F-16F7-4668-BE54-9A1E7A4F7556}") = "CRUD.Core", "CRUD.Core\CRUD.Core.csproj", "{48A3D4DB-2F0F-46DE-A37E-758B7B1F8409}"
EndProject
Project("{9A19103F-16F7-4668-BE54-9A1E7A4F7556}") = "CRUD.Infrastructure", "CRUD.Infrastructure\CRUD.Infrastructure.csproj", "{63C5F1F1-328A-4729-A60C-905262223643}"
EndProject
Project("{FAE04EC0-301F-11D3-BF4B-00C04F79EFBC}") = "CRUD.Application", "CRUD.Application\CRUD.Application.csproj", "{238DF9D6-BA21-4A43-90CF-A5E03284A162}"
EndProject
Global
	GlobalSection(SolutionConfigurationPlatforms) = preSolution
		Debug|Any CPU = Debug|Any CPU
		Release|Any CPU = Release|Any CPU
	EndGlobalSection
	GlobalSection(ProjectConfigurationPlatforms) = postSolution
		{21B00736-059B-4E86-9118-BDF79514A51B}.Debug|Any CPU.ActiveCfg = Debug|Any CPU
		{21B00736-059B-4E86-9118-BDF79514A51B}.Debug|Any CPU.Build.0 = Debug|Any CPU
		{21B00736-059B-4E86-9118-BDF79514A51B}.Release|Any CPU.ActiveCfg = Release|Any CPU
		{21B00736-059B-4E86-9118-BDF79514A51B}.Release|Any CPU.Build.0 = Release|Any CPU
		{48A3D4DB-2F0F-46DE-A37E-758B7B1F8409}.Debug|Any CPU.ActiveCfg = Debug|Any CPU
		{48A3D4DB-2F0F-46DE-A37E-758B7B1F8409}.Debug|Any CPU.Build.0 = Debug|Any CPU
		{48A3D4DB-2F0F-46DE-A37E-758B7B1F8409}.Release|Any CPU.ActiveCfg = Release|Any CPU
		{48A3D4DB-2F0F-46DE-A37E-758B7B1F8409}.Release|Any CPU.Build.0 = Release|Any CPU
		{63C5F1F1-328A-4729-A60C-905262223643}.Debug|Any CPU.ActiveCfg = Debug|Any CPU
		{63C5F1F1-328A-4729-A60C-905262223643}.Debug|Any CPU.Build.0 = Debug|Any CPU
		{63C5F1F1-328A-4729-A60C-905262223643}.Release|Any CPU.ActiveCfg = Release|Any CPU
		{63C5F1F1-328A-4729-A60C-905262223643}.Release|Any CPU.Build.0 = Release|Any CPU
		{238DF9D6-BA21-4A43-90CF-A5E03284A162}.Debug|Any CPU.ActiveCfg = Debug|Any CPU
		{238DF9D6-BA21-4A43-90CF-A5E03284A162}.Debug|Any CPU.Build.0 = Debug|Any CPU
		{238DF9D6-BA21-4A43-90CF-A5E03284A162}.Release|Any CPU.ActiveCfg = Release|Any CPU
		{238DF9D6-BA21-4A43-90CF-A5E03284A162}.Release|Any CPU.Build.0 = Release|Any CPU
	EndGlobalSection
	GlobalSection(SolutionProperties) = preSolution
		HideSolutionNode = FALSE
	EndGlobalSection
	GlobalSection(ExtensibilityGlobals) = postSolution
		SolutionGuid = {E638CC41-87A9-4700-9CB4-74CE56E76A12}
	EndGlobalSection
EndGlobal
